
Microsoft Visual Studio Solution File, Format Version 12.00
# Visual Studio Version 17
VisualStudioVersion = 17.8.34330.188
MinimumVisualStudioVersion = 10.0.40219.1
Project("{FAE04EC0-301F-11D3-BF4B-00C04F79EFBC}") = "Korrect", "Korrect.csproj", "{580D9904-E64D-4436-9D48-84867F945ADE}"
EndProject
Global
	GlobalSection(SolutionConfigurationPlatforms) = preSolution
		Debug|Any CPU = Debug|Any CPU
		Release|Any CPU = Release|Any CPU
	EndGlobalSection
	GlobalSection(ProjectConfigurationPlatforms) = postSolution
		{580D9904-E64D-4436-9D48-84867F945ADE}.Debug|Any CPU.ActiveCfg = Debug|Any CPU
		{580D9904-E64D-4436-9D48-84867F945ADE}.Debug|Any CPU.Build.0 = Debug|Any CPU
		{580D9904-E64D-4436-9D48-84867F945ADE}.Release|Any CPU.ActiveCfg = Release|Any CPU
		{580D9904-E64D-4436-9D48-84867F945ADE}.Release|Any CPU.Build.0 = Release|Any CPU
	EndGlobalSection
	GlobalSection(SolutionProperties) = preSolution
		HideSolutionNode = FALSE
	EndGlobalSection
	GlobalSection(ExtensibilityGlobals) = postSolution
		SolutionGuid = {BF2C82F1-3C44-42A5-A8C5-191F1D65287D}
	EndGlobalSection
EndGlobal
